// !$*UTF8*$!
{
	archiveVersion = 1;
	classes = {
	};
	objectVersion = 48;
	objects = {

/* Begin PBXBuildFile section */
		91470172209BBC330097DFEF /* LoginViewController.swift in Sources */ = {isa = PBXBuildFile; fileRef = 91470171209BBC330097DFEF /* LoginViewController.swift */; };
		91470174209BBC880097DFEF /* ChannelListViewController.swift in Sources */ = {isa = PBXBuildFile; fileRef = 91470173209BBC880097DFEF /* ChannelListViewController.swift */; };
		91470176209BBCE20097DFEF /* Channel.swift in Sources */ = {isa = PBXBuildFile; fileRef = 91470175209BBCE20097DFEF /* Channel.swift */; };
		91470178209BED820097DFEF /* CreateChannelCell.swift in Sources */ = {isa = PBXBuildFile; fileRef = 91470177209BED820097DFEF /* CreateChannelCell.swift */; };
		91603211209A19DE002A3BE3 /* GoogleService-Info.plist in Resources */ = {isa = PBXBuildFile; fileRef = 91603210209A19DE002A3BE3 /* GoogleService-Info.plist */; };
		91603213209A20E2002A3BE3 /* Constants.swift in Sources */ = {isa = PBXBuildFile; fileRef = 91603212209A20E2002A3BE3 /* Constants.swift */; };
		91603215209A22DB002A3BE3 /* ChatViewController.swift in Sources */ = {isa = PBXBuildFile; fileRef = 91603214209A22DB002A3BE3 /* ChatViewController.swift */; };
		9178B87C20998B4E00B0BC75 /* AppDelegate.swift in Sources */ = {isa = PBXBuildFile; fileRef = 9178B87B20998B4E00B0BC75 /* AppDelegate.swift */; };
		9178B87E20998B4E00B0BC75 /* ViewController.swift in Sources */ = {isa = PBXBuildFile; fileRef = 9178B87D20998B4E00B0BC75 /* ViewController.swift */; };
		9178B88120998B4E00B0BC75 /* Main.storyboard in Resources */ = {isa = PBXBuildFile; fileRef = 9178B87F20998B4E00B0BC75 /* Main.storyboard */; };
		9178B88420998B4E00B0BC75 /* RSA_Encryption.xcdatamodeld in Sources */ = {isa = PBXBuildFile; fileRef = 9178B88220998B4E00B0BC75 /* RSA_Encryption.xcdatamodeld */; };
		9178B88620998B4E00B0BC75 /* Assets.xcassets in Resources */ = {isa = PBXBuildFile; fileRef = 9178B88520998B4E00B0BC75 /* Assets.xcassets */; };
		9178B88920998B4E00B0BC75 /* LaunchScreen.storyboard in Resources */ = {isa = PBXBuildFile; fileRef = 9178B88720998B4E00B0BC75 /* LaunchScreen.storyboard */; };
		AF6BF3BCC71CF77AD3A57906 /* Pods_RSA_Encryption.framework in Frameworks */ = {isa = PBXBuildFile; fileRef = 8D5A264D89FCFD46C83AA8B4 /* Pods_RSA_Encryption.framework */; };
/* End PBXBuildFile section */

/* Begin PBXFileReference section */
		8D5A264D89FCFD46C83AA8B4 /* Pods_RSA_Encryption.framework */ = {isa = PBXFileReference; explicitFileType = wrapper.framework; includeInIndex = 0; path = Pods_RSA_Encryption.framework; sourceTree = BUILT_PRODUCTS_DIR; };
		91470171209BBC330097DFEF /* LoginViewController.swift */ = {isa = PBXFileReference; lastKnownFileType = sourcecode.swift; path = LoginViewController.swift; sourceTree = "<group>"; };
		91470173209BBC880097DFEF /* ChannelListViewController.swift */ = {isa = PBXFileReference; lastKnownFileType = sourcecode.swift; path = ChannelListViewController.swift; sourceTree = "<group>"; };
		91470175209BBCE20097DFEF /* Channel.swift */ = {isa = PBXFileReference; lastKnownFileType = sourcecode.swift; path = Channel.swift; sourceTree = "<group>"; };
		91470177209BED820097DFEF /* CreateChannelCell.swift */ = {isa = PBXFileReference; fileEncoding = 4; lastKnownFileType = sourcecode.swift; path = CreateChannelCell.swift; sourceTree = "<group>"; };
		91603210209A19DE002A3BE3 /* GoogleService-Info.plist */ = {isa = PBXFileReference; fileEncoding = 4; lastKnownFileType = text.plist.xml; path = "GoogleService-Info.plist"; sourceTree = "<group>"; };
		91603212209A20E2002A3BE3 /* Constants.swift */ = {isa = PBXFileReference; lastKnownFileType = sourcecode.swift; path = Constants.swift; sourceTree = "<group>"; };
		91603214209A22DB002A3BE3 /* ChatViewController.swift */ = {isa = PBXFileReference; lastKnownFileType = sourcecode.swift; path = ChatViewController.swift; sourceTree = "<group>"; };
		91603216209A239B002A3BE3 /* Bridging-Header.h */ = {isa = PBXFileReference; lastKnownFileType = sourcecode.c.h; path = "Bridging-Header.h"; sourceTree = "<group>"; };
		9178B87820998B4E00B0BC75 /* RSA-Encryption.app */ = {isa = PBXFileReference; explicitFileType = wrapper.application; includeInIndex = 0; path = "RSA-Encryption.app"; sourceTree = BUILT_PRODUCTS_DIR; };
		9178B87B20998B4E00B0BC75 /* AppDelegate.swift */ = {isa = PBXFileReference; lastKnownFileType = sourcecode.swift; path = AppDelegate.swift; sourceTree = "<group>"; };
		9178B87D20998B4E00B0BC75 /* ViewController.swift */ = {isa = PBXFileReference; lastKnownFileType = sourcecode.swift; path = ViewController.swift; sourceTree = "<group>"; };
		9178B88020998B4E00B0BC75 /* Base */ = {isa = PBXFileReference; lastKnownFileType = file.storyboard; name = Base; path = Base.lproj/Main.storyboard; sourceTree = "<group>"; };
		9178B88320998B4E00B0BC75 /* RSA_Encryption.xcdatamodel */ = {isa = PBXFileReference; lastKnownFileType = wrapper.xcdatamodel; path = RSA_Encryption.xcdatamodel; sourceTree = "<group>"; };
		9178B88520998B4E00B0BC75 /* Assets.xcassets */ = {isa = PBXFileReference; lastKnownFileType = folder.assetcatalog; path = Assets.xcassets; sourceTree = "<group>"; };
		9178B88820998B4E00B0BC75 /* Base */ = {isa = PBXFileReference; lastKnownFileType = file.storyboard; name = Base; path = Base.lproj/LaunchScreen.storyboard; sourceTree = "<group>"; };
		9178B88A20998B4E00B0BC75 /* Info.plist */ = {isa = PBXFileReference; lastKnownFileType = text.plist.xml; path = Info.plist; sourceTree = "<group>"; };
		92D36F5FCAB9DACBF6FDF567 /* Pods-RSA-Encryption.release.xcconfig */ = {isa = PBXFileReference; includeInIndex = 1; lastKnownFileType = text.xcconfig; name = "Pods-RSA-Encryption.release.xcconfig"; path = "Pods/Target Support Files/Pods-RSA-Encryption/Pods-RSA-Encryption.release.xcconfig"; sourceTree = "<group>"; };
		F706A1AF2F45BAE35AC1B092 /* Pods-RSA-Encryption.debug.xcconfig */ = {isa = PBXFileReference; includeInIndex = 1; lastKnownFileType = text.xcconfig; name = "Pods-RSA-Encryption.debug.xcconfig"; path = "Pods/Target Support Files/Pods-RSA-Encryption/Pods-RSA-Encryption.debug.xcconfig"; sourceTree = "<group>"; };
/* End PBXFileReference section */

/* Begin PBXFrameworksBuildPhase section */
		9178B87520998B4E00B0BC75 /* Frameworks */ = {
			isa = PBXFrameworksBuildPhase;
			buildActionMask = 2147483647;
			files = (
				AF6BF3BCC71CF77AD3A57906 /* Pods_RSA_Encryption.framework in Frameworks */,
			);
			runOnlyForDeploymentPostprocessing = 0;
		};
/* End PBXFrameworksBuildPhase section */

/* Begin PBXGroup section */
		0255C0CD93D6CD6DF7431C09 /* Frameworks */ = {
			isa = PBXGroup;
			children = (
				8D5A264D89FCFD46C83AA8B4 /* Pods_RSA_Encryption.framework */,
			);
			name = Frameworks;
			sourceTree = "<group>";
		};
		9178B86F20998B4E00B0BC75 = {
			isa = PBXGroup;
			children = (
				9178B87A20998B4E00B0BC75 /* RSA-Encryption */,
				9178B87920998B4E00B0BC75 /* Products */,
				A8DA273B8F2881560AB4251C /* Pods */,
				0255C0CD93D6CD6DF7431C09 /* Frameworks */,
			);
			sourceTree = "<group>";
		};
		9178B87920998B4E00B0BC75 /* Products */ = {
			isa = PBXGroup;
			children = (
				9178B87820998B4E00B0BC75 /* RSA-Encryption.app */,
			);
			name = Products;
			sourceTree = "<group>";
		};
		9178B87A20998B4E00B0BC75 /* RSA-Encryption */ = {
			isa = PBXGroup;
			children = (
				9178B87B20998B4E00B0BC75 /* AppDelegate.swift */,
				9178B87D20998B4E00B0BC75 /* ViewController.swift */,
				91603212209A20E2002A3BE3 /* Constants.swift */,
				91470175209BBCE20097DFEF /* Channel.swift */,
				91470171209BBC330097DFEF /* LoginViewController.swift */,
				91470173209BBC880097DFEF /* ChannelListViewController.swift */,
				91470177209BED820097DFEF /* CreateChannelCell.swift */,
				91603214209A22DB002A3BE3 /* ChatViewController.swift */,
				91603216209A239B002A3BE3 /* Bridging-Header.h */,
				9178B87F20998B4E00B0BC75 /* Main.storyboard */,
				9178B88520998B4E00B0BC75 /* Assets.xcassets */,
				9178B88720998B4E00B0BC75 /* LaunchScreen.storyboard */,
				9178B88A20998B4E00B0BC75 /* Info.plist */,
				91603210209A19DE002A3BE3 /* GoogleService-Info.plist */,
				9178B88220998B4E00B0BC75 /* RSA_Encryption.xcdatamodeld */,
			);
			path = "RSA-Encryption";
			sourceTree = "<group>";
		};
		A8DA273B8F2881560AB4251C /* Pods */ = {
			isa = PBXGroup;
			children = (
				F706A1AF2F45BAE35AC1B092 /* Pods-RSA-Encryption.debug.xcconfig */,
				92D36F5FCAB9DACBF6FDF567 /* Pods-RSA-Encryption.release.xcconfig */,
			);
			name = Pods;
			sourceTree = "<group>";
		};
/* End PBXGroup section */

/* Begin PBXNativeTarget section */
		9178B87720998B4E00B0BC75 /* RSA-Encryption */ = {
			isa = PBXNativeTarget;
			buildConfigurationList = 9178B88D20998B4E00B0BC75 /* Build configuration list for PBXNativeTarget "RSA-Encryption" */;
			buildPhases = (
				9B553EE855AA86DCA78FF033 /* [CP] Check Pods Manifest.lock */,
				9178B87420998B4E00B0BC75 /* Sources */,
				9178B87520998B4E00B0BC75 /* Frameworks */,
				9178B87620998B4E00B0BC75 /* Resources */,
				BBECD47904458B9BA18272F1 /* [CP] Embed Pods Frameworks */,
				901586B2DCC727627D503FDA /* [CP] Copy Pods Resources */,
			);
			buildRules = (
			);
			dependencies = (
			);
			name = "RSA-Encryption";
			productName = "RSA-Encryption";
			productReference = 9178B87820998B4E00B0BC75 /* RSA-Encryption.app */;
			productType = "com.apple.product-type.application";
		};
/* End PBXNativeTarget section */

/* Begin PBXProject section */
		9178B87020998B4E00B0BC75 /* Project object */ = {
			isa = PBXProject;
			attributes = {
				LastSwiftUpdateCheck = 0920;
				LastUpgradeCheck = 0920;
				ORGANIZATIONNAME = CraftCode;
				TargetAttributes = {
					9178B87720998B4E00B0BC75 = {
						CreatedOnToolsVersion = 9.2;
						ProvisioningStyle = Automatic;
					};
				};
			};
			buildConfigurationList = 9178B87320998B4E00B0BC75 /* Build configuration list for PBXProject "RSA-Encryption" */;
			compatibilityVersion = "Xcode 8.0";
			developmentRegion = en;
			hasScannedForEncodings = 0;
			knownRegions = (
				en,
				Base,
			);
			mainGroup = 9178B86F20998B4E00B0BC75;
			productRefGroup = 9178B87920998B4E00B0BC75 /* Products */;
			projectDirPath = "";
			projectRoot = "";
			targets = (
				9178B87720998B4E00B0BC75 /* RSA-Encryption */,
			);
		};
/* End PBXProject section */

/* Begin PBXResourcesBuildPhase section */
		9178B87620998B4E00B0BC75 /* Resources */ = {
			isa = PBXResourcesBuildPhase;
			buildActionMask = 2147483647;
			files = (
				9178B88920998B4E00B0BC75 /* LaunchScreen.storyboard in Resources */,
				91603211209A19DE002A3BE3 /* GoogleService-Info.plist in Resources */,
				9178B88620998B4E00B0BC75 /* Assets.xcassets in Resources */,
				9178B88120998B4E00B0BC75 /* Main.storyboard in Resources */,
			);
			runOnlyForDeploymentPostprocessing = 0;
		};
/* End PBXResourcesBuildPhase section */

/* Begin PBXShellScriptBuildPhase section */
		901586B2DCC727627D503FDA /* [CP] Copy Pods Resources */ = {
			isa = PBXShellScriptBuildPhase;
			buildActionMask = 2147483647;
			files = (
			);
			inputPaths = (
			);
			name = "[CP] Copy Pods Resources";
			outputPaths = (
			);
			runOnlyForDeploymentPostprocessing = 0;
			shellPath = /bin/sh;
			shellScript = "\"${SRCROOT}/Pods/Target Support Files/Pods-RSA-Encryption/Pods-RSA-Encryption-resources.sh\"\n";
			showEnvVarsInLog = 0;
		};
		9B553EE855AA86DCA78FF033 /* [CP] Check Pods Manifest.lock */ = {
			isa = PBXShellScriptBuildPhase;
			buildActionMask = 2147483647;
			files = (
			);
			inputPaths = (
				"${PODS_PODFILE_DIR_PATH}/Podfile.lock",
				"${PODS_ROOT}/Manifest.lock",
			);
			name = "[CP] Check Pods Manifest.lock";
			outputPaths = (
				"$(DERIVED_FILE_DIR)/Pods-RSA-Encryption-checkManifestLockResult.txt",
			);
			runOnlyForDeploymentPostprocessing = 0;
			shellPath = /bin/sh;
			shellScript = "diff \"${PODS_PODFILE_DIR_PATH}/Podfile.lock\" \"${PODS_ROOT}/Manifest.lock\" > /dev/null\nif [ $? != 0 ] ; then\n    # print error to STDERR\n    echo \"error: The sandbox is not in sync with the Podfile.lock. Run 'pod install' or update your CocoaPods installation.\" >&2\n    exit 1\nfi\n# This output is used by Xcode 'outputs' to avoid re-running this script phase.\necho \"SUCCESS\" > \"${SCRIPT_OUTPUT_FILE_0}\"\n";
			showEnvVarsInLog = 0;
		};
		BBECD47904458B9BA18272F1 /* [CP] Embed Pods Frameworks */ = {
			isa = PBXShellScriptBuildPhase;
			buildActionMask = 2147483647;
			files = (
			);
			inputPaths = (
				"${SRCROOT}/Pods/Target Support Files/Pods-RSA-Encryption/Pods-RSA-Encryption-frameworks.sh",
				"${BUILT_PRODUCTS_DIR}/GTMSessionFetcher/GTMSessionFetcher.framework",
				"${BUILT_PRODUCTS_DIR}/GoogleToolboxForMac/GoogleToolboxForMac.framework",
				"${BUILT_PRODUCTS_DIR}/Heimdall/Heimdall.framework",
				"${BUILT_PRODUCTS_DIR}/JSQMessagesViewController/JSQMessagesViewController.framework",
				"${BUILT_PRODUCTS_DIR}/JSQSystemSoundPlayer/JSQSystemSoundPlayer.framework",
				"${BUILT_PRODUCTS_DIR}/SwiftyRSA/SwiftyRSA.framework",
				"${BUILT_PRODUCTS_DIR}/leveldb-library/leveldb.framework",
				"${BUILT_PRODUCTS_DIR}/nanopb/nanopb.framework",
			);
			name = "[CP] Embed Pods Frameworks";
			outputPaths = (
				"${TARGET_BUILD_DIR}/${FRAMEWORKS_FOLDER_PATH}/GTMSessionFetcher.framework",
				"${TARGET_BUILD_DIR}/${FRAMEWORKS_FOLDER_PATH}/GoogleToolboxForMac.framework",
				"${TARGET_BUILD_DIR}/${FRAMEWORKS_FOLDER_PATH}/Heimdall.framework",
				"${TARGET_BUILD_DIR}/${FRAMEWORKS_FOLDER_PATH}/JSQMessagesViewController.framework",
				"${TARGET_BUILD_DIR}/${FRAMEWORKS_FOLDER_PATH}/JSQSystemSoundPlayer.framework",
				"${TARGET_BUILD_DIR}/${FRAMEWORKS_FOLDER_PATH}/SwiftyRSA.framework",
				"${TARGET_BUILD_DIR}/${FRAMEWORKS_FOLDER_PATH}/leveldb.framework",
				"${TARGET_BUILD_DIR}/${FRAMEWORKS_FOLDER_PATH}/nanopb.framework",
			);
			runOnlyForDeploymentPostprocessing = 0;
			shellPath = /bin/sh;
			shellScript = "\"${SRCROOT}/Pods/Target Support Files/Pods-RSA-Encryption/Pods-RSA-Encryption-frameworks.sh\"\n";
			showEnvVarsInLog = 0;
		};
/* End PBXShellScriptBuildPhase section */

/* Begin PBXSourcesBuildPhase section */
		9178B87420998B4E00B0BC75 /* Sources */ = {
			isa = PBXSourcesBuildPhase;
			buildActionMask = 2147483647;
			files = (
				91470172209BBC330097DFEF /* LoginViewController.swift in Sources */,
				91470176209BBCE20097DFEF /* Channel.swift in Sources */,
				91470178209BED820097DFEF /* CreateChannelCell.swift in Sources */,
				9178B87E20998B4E00B0BC75 /* ViewController.swift in Sources */,
				91470174209BBC880097DFEF /* ChannelListViewController.swift in Sources */,
				9178B88420998B4E00B0BC75 /* RSA_Encryption.xcdatamodeld in Sources */,
				9178B87C20998B4E00B0BC75 /* AppDelegate.swift in Sources */,
				91603215209A22DB002A3BE3 /* ChatViewController.swift in Sources */,
				91603213209A20E2002A3BE3 /* Constants.swift in Sources */,
			);
			runOnlyForDeploymentPostprocessing = 0;
		};
/* End PBXSourcesBuildPhase section */

/* Begin PBXVariantGroup section */
		9178B87F20998B4E00B0BC75 /* Main.storyboard */ = {
			isa = PBXVariantGroup;
			children = (
				9178B88020998B4E00B0BC75 /* Base */,
			);
			name = Main.storyboard;
			sourceTree = "<group>";
		};
		9178B88720998B4E00B0BC75 /* LaunchScreen.storyboard */ = {
			isa = PBXVariantGroup;
			children = (
				9178B88820998B4E00B0BC75 /* Base */,
			);
			name = LaunchScreen.storyboard;
			sourceTree = "<group>";
		};
/* End PBXVariantGroup section */

/* Begin XCBuildConfiguration section */
		9178B88B20998B4E00B0BC75 /* Debug */ = {
			isa = XCBuildConfiguration;
			buildSettings = {
				ALWAYS_SEARCH_USER_PATHS = NO;
				CLANG_ANALYZER_NONNULL = YES;
				CLANG_ANALYZER_NUMBER_OBJECT_CONVERSION = YES_AGGRESSIVE;
				CLANG_CXX_LANGUAGE_STANDARD = "gnu++14";
				CLANG_CXX_LIBRARY = "libc++";
				CLANG_ENABLE_MODULES = YES;
				CLANG_ENABLE_OBJC_ARC = YES;
				CLANG_WARN_BLOCK_CAPTURE_AUTORELEASING = YES;
				CLANG_WARN_BOOL_CONVERSION = YES;
				CLANG_WARN_COMMA = YES;
				CLANG_WARN_CONSTANT_CONVERSION = YES;
				CLANG_WARN_DIRECT_OBJC_ISA_USAGE = YES_ERROR;
				CLANG_WARN_DOCUMENTATION_COMMENTS = YES;
				CLANG_WARN_EMPTY_BODY = YES;
				CLANG_WARN_ENUM_CONVERSION = YES;
				CLANG_WARN_INFINITE_RECURSION = YES;
				CLANG_WARN_INT_CONVERSION = YES;
				CLANG_WARN_NON_LITERAL_NULL_CONVERSION = YES;
				CLANG_WARN_OBJC_LITERAL_CONVERSION = YES;
				CLANG_WARN_OBJC_ROOT_CLASS = YES_ERROR;
				CLANG_WARN_RANGE_LOOP_ANALYSIS = YES;
				CLANG_WARN_STRICT_PROTOTYPES = YES;
				CLANG_WARN_SUSPICIOUS_MOVE = YES;
				CLANG_WARN_UNGUARDED_AVAILABILITY = YES_AGGRESSIVE;
				CLANG_WARN_UNREACHABLE_CODE = YES;
				CLANG_WARN__DUPLICATE_METHOD_MATCH = YES;
				CODE_SIGN_IDENTITY = "iPhone Developer";
				COPY_PHASE_STRIP = NO;
				DEBUG_INFORMATION_FORMAT = dwarf;
				ENABLE_STRICT_OBJC_MSGSEND = YES;
				ENABLE_TESTABILITY = YES;
				GCC_C_LANGUAGE_STANDARD = gnu11;
				GCC_DYNAMIC_NO_PIC = NO;
				GCC_NO_COMMON_BLOCKS = YES;
				GCC_OPTIMIZATION_LEVEL = 0;
				GCC_PREPROCESSOR_DEFINITIONS = (
					"DEBUG=1",
					"$(inherited)",
				);
				GCC_WARN_64_TO_32_BIT_CONVERSION = YES;
				GCC_WARN_ABOUT_RETURN_TYPE = YES_ERROR;
				GCC_WARN_UNDECLARED_SELECTOR = YES;
				GCC_WARN_UNINITIALIZED_AUTOS = YES_AGGRESSIVE;
				GCC_WARN_UNUSED_FUNCTION = YES;
				GCC_WARN_UNUSED_VARIABLE = YES;
				IPHONEOS_DEPLOYMENT_TARGET = 11.2;
				MTL_ENABLE_DEBUG_INFO = YES;
				ONLY_ACTIVE_ARCH = YES;
				SDKROOT = iphoneos;
				SWIFT_ACTIVE_COMPILATION_CONDITIONS = DEBUG;
				SWIFT_OPTIMIZATION_LEVEL = "-Onone";
			};
			name = Debug;
		};
		9178B88C20998B4E00B0BC75 /* Release */ = {
			isa = XCBuildConfiguration;
			buildSettings = {
				ALWAYS_SEARCH_USER_PATHS = NO;
				CLANG_ANALYZER_NONNULL = YES;
				CLANG_ANALYZER_NUMBER_OBJECT_CONVERSION = YES_AGGRESSIVE;
				CLANG_CXX_LANGUAGE_STANDARD = "gnu++14";
				CLANG_CXX_LIBRARY = "libc++";
				CLANG_ENABLE_MODULES = YES;
				CLANG_ENABLE_OBJC_ARC = YES;
				CLANG_WARN_BLOCK_CAPTURE_AUTORELEASING = YES;
				CLANG_WARN_BOOL_CONVERSION = YES;
				CLANG_WARN_COMMA = YES;
				CLANG_WARN_CONSTANT_CONVERSION = YES;
				CLANG_WARN_DIRECT_OBJC_ISA_USAGE = YES_ERROR;
				CLANG_WARN_DOCUMENTATION_COMMENTS = YES;
				CLANG_WARN_EMPTY_BODY = YES;
				CLANG_WARN_ENUM_CONVERSION = YES;
				CLANG_WARN_INFINITE_RECURSION = YES;
				CLANG_WARN_INT_CONVERSION = YES;
				CLANG_WARN_NON_LITERAL_NULL_CONVERSION = YES;
				CLANG_WARN_OBJC_LITERAL_CONVERSION = YES;
				CLANG_WARN_OBJC_ROOT_CLASS = YES_ERROR;
				CLANG_WARN_RANGE_LOOP_ANALYSIS = YES;
				CLANG_WARN_STRICT_PROTOTYPES = YES;
				CLANG_WARN_SUSPICIOUS_MOVE = YES;
				CLANG_WARN_UNGUARDED_AVAILABILITY = YES_AGGRESSIVE;
				CLANG_WARN_UNREACHABLE_CODE = YES;
				CLANG_WARN__DUPLICATE_METHOD_MATCH = YES;
				CODE_SIGN_IDENTITY = "iPhone Developer";
				COPY_PHASE_STRIP = NO;
				DEBUG_INFORMATION_FORMAT = "dwarf-with-dsym";
				ENABLE_NS_ASSERTIONS = NO;
				ENABLE_STRICT_OBJC_MSGSEND = YES;
				GCC_C_LANGUAGE_STANDARD = gnu11;
				GCC_NO_COMMON_BLOCKS = YES;
				GCC_WARN_64_TO_32_BIT_CONVERSION = YES;
				GCC_WARN_ABOUT_RETURN_TYPE = YES_ERROR;
				GCC_WARN_UNDECLARED_SELECTOR = YES;
				GCC_WARN_UNINITIALIZED_AUTOS = YES_AGGRESSIVE;
				GCC_WARN_UNUSED_FUNCTION = YES;
				GCC_WARN_UNUSED_VARIABLE = YES;
				IPHONEOS_DEPLOYMENT_TARGET = 11.2;
				MTL_ENABLE_DEBUG_INFO = NO;
				SDKROOT = iphoneos;
				SWIFT_OPTIMIZATION_LEVEL = "-Owholemodule";
				VALIDATE_PRODUCT = YES;
			};
			name = Release;
		};
		9178B88E20998B4E00B0BC75 /* Debug */ = {
			isa = XCBuildConfiguration;
			baseConfigurationReference = F706A1AF2F45BAE35AC1B092 /* Pods-RSA-Encryption.debug.xcconfig */;
			buildSettings = {
				ASSETCATALOG_COMPILER_APPICON_NAME = AppIcon;
				CODE_SIGN_STYLE = Automatic;
				DEVELOPMENT_TEAM = BYKNZ8J7A7;
				INFOPLIST_FILE = "RSA-Encryption/Info.plist";
				LD_RUNPATH_SEARCH_PATHS = "$(inherited) @executable_path/Frameworks";
				PRODUCT_BUNDLE_IDENTIFIER = "CraftCode.RSA-Encryption";
				PRODUCT_NAME = "$(TARGET_NAME)";
				SWIFT_OBJC_BRIDGING_HEADER = "RSA-Encryption/Bridging-Header.h";
				SWIFT_VERSION = 4.0;
				TARGETED_DEVICE_FAMILY = "1,2";
			};
			name = Debug;
		};
		9178B88F20998B4E00B0BC75 /* Release */ = {
			isa = XCBuildConfiguration;
			baseConfigurationReference = 92D36F5FCAB9DACBF6FDF567 /* Pods-RSA-Encryption.release.xcconfig */;
			buildSettings = {
				ASSETCATALOG_COMPILER_APPICON_NAME = AppIcon;
				CODE_SIGN_STYLE = Automatic;
				DEVELOPMENT_TEAM = BYKNZ8J7A7;
				INFOPLIST_FILE = "RSA-Encryption/Info.plist";
				LD_RUNPATH_SEARCH_PATHS = "$(inherited) @executable_path/Frameworks";
				PRODUCT_BUNDLE_IDENTIFIER = "CraftCode.RSA-Encryption";
				PRODUCT_NAME = "$(TARGET_NAME)";
				SWIFT_OBJC_BRIDGING_HEADER = "RSA-Encryption/Bridging-Header.h";
				SWIFT_VERSION = 4.0;
				TARGETED_DEVICE_FAMILY = "1,2";
			};
			name = Release;
		};
/* End XCBuildConfiguration section */

/* Begin XCConfigurationList section */
		9178B87320998B4E00B0BC75 /* Build configuration list for PBXProject "RSA-Encryption" */ = {
			isa = XCConfigurationList;
			buildConfigurations = (
				9178B88B20998B4E00B0BC75 /* Debug */,
				9178B88C20998B4E00B0BC75 /* Release */,
			);
			defaultConfigurationIsVisible = 0;
			defaultConfigurationName = Release;
		};
		9178B88D20998B4E00B0BC75 /* Build configuration list for PBXNativeTarget "RSA-Encryption" */ = {
			isa = XCConfigurationList;
			buildConfigurations = (
				9178B88E20998B4E00B0BC75 /* Debug */,
				9178B88F20998B4E00B0BC75 /* Release */,
			);
			defaultConfigurationIsVisible = 0;
			defaultConfigurationName = Release;
		};
/* End XCConfigurationList section */

/* Begin XCVersionGroup section */
		9178B88220998B4E00B0BC75 /* RSA_Encryption.xcdatamodeld */ = {
			isa = XCVersionGroup;
			children = (
				9178B88320998B4E00B0BC75 /* RSA_Encryption.xcdatamodel */,
			);
			currentVersion = 9178B88320998B4E00B0BC75 /* RSA_Encryption.xcdatamodel */;
			path = RSA_Encryption.xcdatamodeld;
			sourceTree = "<group>";
			versionGroupType = wrapper.xcdatamodel;
		};
/* End XCVersionGroup section */
	};
	rootObject = 9178B87020998B4E00B0BC75 /* Project object */;
}
